
Microsoft Visual Studio Solution File, Format Version 12.00
# Visual Studio 15
VisualStudioVersion = 15.0.27428.2037
MinimumVisualStudioVersion = 10.0.40219.1
Project("{FAE04EC0-301F-11D3-BF4B-00C04F79EFBC}") = "KoperasiDataSyncronization", "KoperasiDataSyncronization\KoperasiDataSyncronization.csproj", "{0AD3130D-6943-441B-8E61-CF9C5233958E}"
EndProject
Global
	GlobalSection(SolutionConfigurationPlatforms) = preSolution
		Debug|Any CPU = Debug|Any CPU
		Release|Any CPU = Release|Any CPU
	EndGlobalSection
	GlobalSection(ProjectConfigurationPlatforms) = postSolution
		{0AD3130D-6943-441B-8E61-CF9C5233958E}.Debug|Any CPU.ActiveCfg = Debug|Any CPU
		{0AD3130D-6943-441B-8E61-CF9C5233958E}.Debug|Any CPU.Build.0 = Debug|Any CPU
		{0AD3130D-6943-441B-8E61-CF9C5233958E}.Release|Any CPU.ActiveCfg = Release|Any CPU
		{0AD3130D-6943-441B-8E61-CF9C5233958E}.Release|Any CPU.Build.0 = Release|Any CPU
	EndGlobalSection
	GlobalSection(SolutionProperties) = preSolution
		HideSolutionNode = FALSE
	EndGlobalSection
	GlobalSection(ExtensibilityGlobals) = postSolution
		SolutionGuid = {B5B1F7B4-D0EE-44F4-95C3-6EC72AC5A7D7}
	EndGlobalSection
EndGlobal
